
Microsoft Visual Studio Solution File, Format Version 12.00
# Visual Studio 14
VisualStudioVersion = 14.0.24720.0
MinimumVisualStudioVersion = 10.0.40219.1
Project("{FAE04EC0-301F-11D3-BF4B-00C04F79EFBC}") = "RSBot", "RSBot\RSBot.csproj", "{3BC745BA-054C-4C43-A5BA-9C039912552F}"
EndProject
Project("{FAE04EC0-301F-11D3-BF4B-00C04F79EFBC}") = "Engine", "Engine\Engine.csproj", "{81F4DDDB-DC52-4E93-97E9-F61F2E5A9372}"
EndProject
Global
	GlobalSection(SolutionConfigurationPlatforms) = preSolution
		Debug|Any CPU = Debug|Any CPU
		Release|Any CPU = Release|Any CPU
	EndGlobalSection
	GlobalSection(ProjectConfigurationPlatforms) = postSolution
		{3BC745BA-054C-4C43-A5BA-9C039912552F}.Debug|Any CPU.ActiveCfg = Debug|Any CPU
		{3BC745BA-054C-4C43-A5BA-9C039912552F}.Debug|Any CPU.Build.0 = Debug|Any CPU
		{3BC745BA-054C-4C43-A5BA-9C039912552F}.Release|Any CPU.ActiveCfg = Release|Any CPU
		{3BC745BA-054C-4C43-A5BA-9C039912552F}.Release|Any CPU.Build.0 = Release|Any CPU
		{81F4DDDB-DC52-4E93-97E9-F61F2E5A9372}.Debug|Any CPU.ActiveCfg = Debug|Any CPU
		{81F4DDDB-DC52-4E93-97E9-F61F2E5A9372}.Debug|Any CPU.Build.0 = Debug|Any CPU
		{81F4DDDB-DC52-4E93-97E9-F61F2E5A9372}.Release|Any CPU.ActiveCfg = Release|Any CPU
		{81F4DDDB-DC52-4E93-97E9-F61F2E5A9372}.Release|Any CPU.Build.0 = Release|Any CPU
	EndGlobalSection
	GlobalSection(SolutionProperties) = preSolution
		HideSolutionNode = FALSE
	EndGlobalSection
EndGlobal
